
Microsoft Visual Studio Solution File, Format Version 12.00
# Visual Studio Version 17
VisualStudioVersion = 17.0.31903.59
MinimumVisualStudioVersion = 10.0.40219.1
Project("{2150E333-8FDC-42A3-9474-1A3956D46DE8}") = "src", "src", "{827E0CD3-B72D-47B6-A68D-7590B98EB39B}"
EndProject
Project("{FAE04EC0-301F-11D3-BF4B-00C04F79EFBC}") = "FitnessApp.API", "src\FitnessApp.API\FitnessApp.API.csproj", "{879A0085-4C32-40F9-B65E-B40E3BA2E2A1}"
EndProject
Project("{FAE04EC0-301F-11D3-BF4B-00C04F79EFBC}") = "FitnessApp.SharedKernel", "src\FitnessApp.SharedKernel\FitnessApp.SharedKernel.csproj", "{284F3170-64A5-4458-B9AD-10C009ABC1E9}"
EndProject
Project("{FAE04EC0-301F-11D3-BF4B-00C04F79EFBC}") = "FitnessApp.Modules.Users", "src\FitnessApp.Modules.Users\FitnessApp.Modules.Users.csproj", "{A4CC449E-BD5B-43E7-BE42-BE67C9E32B12}"
EndProject
Project("{FAE04EC0-301F-11D3-BF4B-00C04F79EFBC}") = "FitnessApp.Modules.Workouts", "src\FitnessApp.Modules.Workouts\FitnessApp.Modules.Workouts.csproj", "{51442CEA-0D81-4EE4-988F-F3D92748052A}"
EndProject
Project("{FAE04EC0-301F-11D3-BF4B-00C04F79EFBC}") = "FitnessApp.Modules.Programs", "src\FitnessApp.Modules.Programs\FitnessApp.Modules.Programs.csproj", "{38507931-6A12-419D-9B1C-CB6C38314F66}"
EndProject
Project("{FAE04EC0-301F-11D3-BF4B-00C04F79EFBC}") = "FitnessApp.Modules.Tracking", "src\FitnessApp.Modules.Tracking\FitnessApp.Modules.Tracking.csproj", "{DAAD3A6F-E502-4492-9130-B08EF3EB657A}"
EndProject
Project("{FAE04EC0-301F-11D3-BF4B-00C04F79EFBC}") = "FitnessApp.Modules.Users.Tests", "tests\FitnessApp.Modules.Users.Tests\FitnessApp.Modules.Users.Tests.csproj", "{0EED08BB-12A5-4D77-B4A3-2E88CB85376D}"
EndProject
Project("{FAE04EC0-301F-11D3-BF4B-00C04F79EFBC}") = "FitnessApp.Modules.Exercises", "src\FitnessApp.Modules.Exercises\FitnessApp.Modules.Exercises.csproj", "{4F851775-3C91-47B0-8941-8BE33454D571}"
EndProject
Project("{FAE04EC0-301F-11D3-BF4B-00C04F79EFBC}") = "FitnessApp.Modules.Coach", "src\FitnessApp.Modules.Coach\FitnessApp.Modules.Coach.csproj", "{2BC39CB8-FE44-44FB-947B-584D861D97A4}"
EndProject
Project("{FAE04EC0-301F-11D3-BF4B-00C04F79EFBC}") = "FitnessApp.Modules.Objectives", "src\FitnessApp.Modules.Objectives\FitnessApp.Modules.Objectives.csproj", "{1BF458EE-30F1-40CA-A40E-733977306ABE}"
EndProject
Project("{FAE04EC0-301F-11D3-BF4B-00C04F79EFBC}") = "FitnessApp.Modules.Notifications", "src\FitnessApp.Modules.Notifications\FitnessApp.Modules.Notifications.csproj", "{B22DC43A-67F0-4641-A098-87B067348932}"
EndProject
Project("{FAE04EC0-301F-11D3-BF4B-00C04F79EFBC}") = "FitnessApp.Modules.Payments", "src\FitnessApp.Modules.Payments\FitnessApp.Modules.Payments.csproj", "{994AEF32-6D23-4D6B-9FBA-6F13B5CBA054}"
EndProject
Project("{FAE04EC0-301F-11D3-BF4B-00C04F79EFBC}") = "FitnessApp.Modules.Content", "src\FitnessApp.Modules.Content\FitnessApp.Modules.Content.csproj", "{90476393-C95F-44EA-8548-B152CB20D4BF}"
EndProject
Project("{FAE04EC0-301F-11D3-BF4B-00C04F79EFBC}") = "FitnessApp.Modules.Exercises.Tests", "tests\FitnessApp.Modules.Exercises.Tests\FitnessApp.Modules.Exercises.Tests.csproj", "{646D7E57-0BBE-4D78-B9F8-66492E1810B5}"
EndProject
Project("{FAE04EC0-301F-11D3-BF4B-00C04F79EFBC}") = "FitnessApp.Modules.Authentication", "src\FitnessApp.Modules.Authentication\FitnessApp.Modules.Authentication.csproj", "{0B495AE8-FAE4-4615-A9F5-BF1177A77E30}"
EndProject
Project("{FAE04EC0-301F-11D3-BF4B-00C04F79EFBC}") = "FitnessApp.Modules.Authentication.Tests", "tests\FitnessApp.Modules.Authentication.Tests\FitnessApp.Modules.Authentication.Tests.csproj", "{D4C6F7A1-8A4D-4F3D-8A6F-9B6F7A1D6E4B}"
EndProject
Project("{FAE04EC0-301F-11D3-BF4B-00C04F79EFBC}") = "FitnessApp.Modules.Content.Tests", "tests\FitnessApp.Modules.Content.Tests\FitnessApp.Modules.Content.Tests.csproj", "{C3F96D9F-27DC-42C2-B705-DBA1D46EDAC0}"
EndProject
Project("{FAE04EC0-301F-11D3-BF4B-00C04F79EFBC}") = "FitnessApp.Modules.Authorization", "src\FitnessApp.Modules.Authorization\FitnessApp.Modules.Authorization.csproj", "{9DA65371-C7C9-4615-9E56-0FE00850F858}"
EndProject
Project("{2150E333-8FDC-42A3-9474-1A3956D46DE8}") = "tests", "tests", "{0AB3BF05-4346-4AA6-1389-037BE0695223}"
EndProject
Project("{FAE04EC0-301F-11D3-BF4B-00C04F79EFBC}") = "FitnessApp.Modules.Workouts.Tests", "tests\FitnessApp.Modules.Workouts.Tests\FitnessApp.Modules.Workouts.Tests.csproj", "{663FAD54-1957-47C8-BA36-20DA2FEB3AB6}"
EndProject
Global
	GlobalSection(SolutionConfigurationPlatforms) = preSolution
		Debug|Any CPU = Debug|Any CPU
		Debug|x64 = Debug|x64
		Debug|x86 = Debug|x86
		Release|Any CPU = Release|Any CPU
		Release|x64 = Release|x64
		Release|x86 = Release|x86
	EndGlobalSection
	GlobalSection(ProjectConfigurationPlatforms) = postSolution
		{879A0085-4C32-40F9-B65E-B40E3BA2E2A1}.Debug|Any CPU.ActiveCfg = Debug|Any CPU
		{879A0085-4C32-40F9-B65E-B40E3BA2E2A1}.Debug|Any CPU.Build.0 = Debug|Any CPU
		{879A0085-4C32-40F9-B65E-B40E3BA2E2A1}.Debug|x64.ActiveCfg = Debug|Any CPU
		{879A0085-4C32-40F9-B65E-B40E3BA2E2A1}.Debug|x64.Build.0 = Debug|Any CPU
		{879A0085-4C32-40F9-B65E-B40E3BA2E2A1}.Debug|x86.ActiveCfg = Debug|Any CPU
		{879A0085-4C32-40F9-B65E-B40E3BA2E2A1}.Debug|x86.Build.0 = Debug|Any CPU
		{879A0085-4C32-40F9-B65E-B40E3BA2E2A1}.Release|Any CPU.ActiveCfg = Release|Any CPU
		{879A0085-4C32-40F9-B65E-B40E3BA2E2A1}.Release|Any CPU.Build.0 = Release|Any CPU
		{879A0085-4C32-40F9-B65E-B40E3BA2E2A1}.Release|x64.ActiveCfg = Release|Any CPU
		{879A0085-4C32-40F9-B65E-B40E3BA2E2A1}.Release|x64.Build.0 = Release|Any CPU
		{879A0085-4C32-40F9-B65E-B40E3BA2E2A1}.Release|x86.ActiveCfg = Release|Any CPU
		{879A0085-4C32-40F9-B65E-B40E3BA2E2A1}.Release|x86.Build.0 = Release|Any CPU
		{284F3170-64A5-4458-B9AD-10C009ABC1E9}.Debug|Any CPU.ActiveCfg = Debug|Any CPU
		{284F3170-64A5-4458-B9AD-10C009ABC1E9}.Debug|Any CPU.Build.0 = Debug|Any CPU
		{284F3170-64A5-4458-B9AD-10C009ABC1E9}.Debug|x64.ActiveCfg = Debug|Any CPU
		{284F3170-64A5-4458-B9AD-10C009ABC1E9}.Debug|x64.Build.0 = Debug|Any CPU
		{284F3170-64A5-4458-B9AD-10C009ABC1E9}.Debug|x86.ActiveCfg = Debug|Any CPU
		{284F3170-64A5-4458-B9AD-10C009ABC1E9}.Debug|x86.Build.0 = Debug|Any CPU
		{284F3170-64A5-4458-B9AD-10C009ABC1E9}.Release|Any CPU.ActiveCfg = Release|Any CPU
		{284F3170-64A5-4458-B9AD-10C009ABC1E9}.Release|Any CPU.Build.0 = Release|Any CPU
		{284F3170-64A5-4458-B9AD-10C009ABC1E9}.Release|x64.ActiveCfg = Release|Any CPU
		{284F3170-64A5-4458-B9AD-10C009ABC1E9}.Release|x64.Build.0 = Release|Any CPU
		{284F3170-64A5-4458-B9AD-10C009ABC1E9}.Release|x86.ActiveCfg = Release|Any CPU
		{284F3170-64A5-4458-B9AD-10C009ABC1E9}.Release|x86.Build.0 = Release|Any CPU
		{A4CC449E-BD5B-43E7-BE42-BE67C9E32B12}.Debug|Any CPU.ActiveCfg = Debug|Any CPU
		{A4CC449E-BD5B-43E7-BE42-BE67C9E32B12}.Debug|Any CPU.Build.0 = Debug|Any CPU
		{A4CC449E-BD5B-43E7-BE42-BE67C9E32B12}.Debug|x64.ActiveCfg = Debug|Any CPU
		{A4CC449E-BD5B-43E7-BE42-BE67C9E32B12}.Debug|x64.Build.0 = Debug|Any CPU
		{A4CC449E-BD5B-43E7-BE42-BE67C9E32B12}.Debug|x86.ActiveCfg = Debug|Any CPU
		{A4CC449E-BD5B-43E7-BE42-BE67C9E32B12}.Debug|x86.Build.0 = Debug|Any CPU
		{A4CC449E-BD5B-43E7-BE42-BE67C9E32B12}.Release|Any CPU.ActiveCfg = Release|Any CPU
		{A4CC449E-BD5B-43E7-BE42-BE67C9E32B12}.Release|Any CPU.Build.0 = Release|Any CPU
		{A4CC449E-BD5B-43E7-BE42-BE67C9E32B12}.Release|x64.ActiveCfg = Release|Any CPU
		{A4CC449E-BD5B-43E7-BE42-BE67C9E32B12}.Release|x64.Build.0 = Release|Any CPU
		{A4CC449E-BD5B-43E7-BE42-BE67C9E32B12}.Release|x86.ActiveCfg = Release|Any CPU
		{A4CC449E-BD5B-43E7-BE42-BE67C9E32B12}.Release|x86.Build.0 = Release|Any CPU
		{51442CEA-0D81-4EE4-988F-F3D92748052A}.Debug|Any CPU.ActiveCfg = Debug|Any CPU
		{51442CEA-0D81-4EE4-988F-F3D92748052A}.Debug|Any CPU.Build.0 = Debug|Any CPU
		{51442CEA-0D81-4EE4-988F-F3D92748052A}.Debug|x64.ActiveCfg = Debug|Any CPU
		{51442CEA-0D81-4EE4-988F-F3D92748052A}.Debug|x64.Build.0 = Debug|Any CPU
		{51442CEA-0D81-4EE4-988F-F3D92748052A}.Debug|x86.ActiveCfg = Debug|Any CPU
		{51442CEA-0D81-4EE4-988F-F3D92748052A}.Debug|x86.Build.0 = Debug|Any CPU
		{51442CEA-0D81-4EE4-988F-F3D92748052A}.Release|Any CPU.ActiveCfg = Release|Any CPU
		{51442CEA-0D81-4EE4-988F-F3D92748052A}.Release|Any CPU.Build.0 = Release|Any CPU
		{51442CEA-0D81-4EE4-988F-F3D92748052A}.Release|x64.ActiveCfg = Release|Any CPU
		{51442CEA-0D81-4EE4-988F-F3D92748052A}.Release|x64.Build.0 = Release|Any CPU
		{51442CEA-0D81-4EE4-988F-F3D92748052A}.Release|x86.ActiveCfg = Release|Any CPU
		{51442CEA-0D81-4EE4-988F-F3D92748052A}.Release|x86.Build.0 = Release|Any CPU
		{38507931-6A12-419D-9B1C-CB6C38314F66}.Debug|Any CPU.ActiveCfg = Debug|Any CPU
		{38507931-6A12-419D-9B1C-CB6C38314F66}.Debug|Any CPU.Build.0 = Debug|Any CPU
		{38507931-6A12-419D-9B1C-CB6C38314F66}.Debug|x64.ActiveCfg = Debug|Any CPU
		{38507931-6A12-419D-9B1C-CB6C38314F66}.Debug|x64.Build.0 = Debug|Any CPU
		{38507931-6A12-419D-9B1C-CB6C38314F66}.Debug|x86.ActiveCfg = Debug|Any CPU
		{38507931-6A12-419D-9B1C-CB6C38314F66}.Debug|x86.Build.0 = Debug|Any CPU
		{38507931-6A12-419D-9B1C-CB6C38314F66}.Release|Any CPU.ActiveCfg = Release|Any CPU
		{38507931-6A12-419D-9B1C-CB6C38314F66}.Release|Any CPU.Build.0 = Release|Any CPU
		{38507931-6A12-419D-9B1C-CB6C38314F66}.Release|x64.ActiveCfg = Release|Any CPU
		{38507931-6A12-419D-9B1C-CB6C38314F66}.Release|x64.Build.0 = Release|Any CPU
		{38507931-6A12-419D-9B1C-CB6C38314F66}.Release|x86.ActiveCfg = Release|Any CPU
		{38507931-6A12-419D-9B1C-CB6C38314F66}.Release|x86.Build.0 = Release|Any CPU
		{DAAD3A6F-E502-4492-9130-B08EF3EB657A}.Debug|Any CPU.ActiveCfg = Debug|Any CPU
		{DAAD3A6F-E502-4492-9130-B08EF3EB657A}.Debug|Any CPU.Build.0 = Debug|Any CPU
		{DAAD3A6F-E502-4492-9130-B08EF3EB657A}.Debug|x64.ActiveCfg = Debug|Any CPU
		{DAAD3A6F-E502-4492-9130-B08EF3EB657A}.Debug|x64.Build.0 = Debug|Any CPU
		{DAAD3A6F-E502-4492-9130-B08EF3EB657A}.Debug|x86.ActiveCfg = Debug|Any CPU
		{DAAD3A6F-E502-4492-9130-B08EF3EB657A}.Debug|x86.Build.0 = Debug|Any CPU
		{DAAD3A6F-E502-4492-9130-B08EF3EB657A}.Release|Any CPU.ActiveCfg = Release|Any CPU
		{DAAD3A6F-E502-4492-9130-B08EF3EB657A}.Release|Any CPU.Build.0 = Release|Any CPU
		{DAAD3A6F-E502-4492-9130-B08EF3EB657A}.Release|x64.ActiveCfg = Release|Any CPU
		{DAAD3A6F-E502-4492-9130-B08EF3EB657A}.Release|x64.Build.0 = Release|Any CPU
		{DAAD3A6F-E502-4492-9130-B08EF3EB657A}.Release|x86.ActiveCfg = Release|Any CPU
		{DAAD3A6F-E502-4492-9130-B08EF3EB657A}.Release|x86.Build.0 = Release|Any CPU
		{0EED08BB-12A5-4D77-B4A3-2E88CB85376D}.Debug|Any CPU.ActiveCfg = Debug|Any CPU
		{0EED08BB-12A5-4D77-B4A3-2E88CB85376D}.Debug|Any CPU.Build.0 = Debug|Any CPU
		{0EED08BB-12A5-4D77-B4A3-2E88CB85376D}.Debug|x64.ActiveCfg = Debug|Any CPU
		{0EED08BB-12A5-4D77-B4A3-2E88CB85376D}.Debug|x64.Build.0 = Debug|Any CPU
		{0EED08BB-12A5-4D77-B4A3-2E88CB85376D}.Debug|x86.ActiveCfg = Debug|Any CPU
		{0EED08BB-12A5-4D77-B4A3-2E88CB85376D}.Debug|x86.Build.0 = Debug|Any CPU
		{0EED08BB-12A5-4D77-B4A3-2E88CB85376D}.Release|Any CPU.ActiveCfg = Release|Any CPU
		{0EED08BB-12A5-4D77-B4A3-2E88CB85376D}.Release|Any CPU.Build.0 = Release|Any CPU
		{0EED08BB-12A5-4D77-B4A3-2E88CB85376D}.Release|x64.ActiveCfg = Release|Any CPU
		{0EED08BB-12A5-4D77-B4A3-2E88CB85376D}.Release|x64.Build.0 = Release|Any CPU
		{0EED08BB-12A5-4D77-B4A3-2E88CB85376D}.Release|x86.ActiveCfg = Release|Any CPU
		{0EED08BB-12A5-4D77-B4A3-2E88CB85376D}.Release|x86.Build.0 = Release|Any CPU
		{4F851775-3C91-47B0-8941-8BE33454D571}.Debug|Any CPU.ActiveCfg = Debug|Any CPU
		{4F851775-3C91-47B0-8941-8BE33454D571}.Debug|Any CPU.Build.0 = Debug|Any CPU
		{4F851775-3C91-47B0-8941-8BE33454D571}.Debug|x64.ActiveCfg = Debug|Any CPU
		{4F851775-3C91-47B0-8941-8BE33454D571}.Debug|x64.Build.0 = Debug|Any CPU
		{4F851775-3C91-47B0-8941-8BE33454D571}.Debug|x86.ActiveCfg = Debug|Any CPU
		{4F851775-3C91-47B0-8941-8BE33454D571}.Debug|x86.Build.0 = Debug|Any CPU
		{4F851775-3C91-47B0-8941-8BE33454D571}.Release|Any CPU.ActiveCfg = Release|Any CPU
		{4F851775-3C91-47B0-8941-8BE33454D571}.Release|Any CPU.Build.0 = Release|Any CPU
		{4F851775-3C91-47B0-8941-8BE33454D571}.Release|x64.ActiveCfg = Release|Any CPU
		{4F851775-3C91-47B0-8941-8BE33454D571}.Release|x64.Build.0 = Release|Any CPU
		{4F851775-3C91-47B0-8941-8BE33454D571}.Release|x86.ActiveCfg = Release|Any CPU
		{4F851775-3C91-47B0-8941-8BE33454D571}.Release|x86.Build.0 = Release|Any CPU
		{2BC39CB8-FE44-44FB-947B-584D861D97A4}.Debug|Any CPU.ActiveCfg = Debug|Any CPU
		{2BC39CB8-FE44-44FB-947B-584D861D97A4}.Debug|Any CPU.Build.0 = Debug|Any CPU
		{2BC39CB8-FE44-44FB-947B-584D861D97A4}.Debug|x64.ActiveCfg = Debug|Any CPU
		{2BC39CB8-FE44-44FB-947B-584D861D97A4}.Debug|x64.Build.0 = Debug|Any CPU
		{2BC39CB8-FE44-44FB-947B-584D861D97A4}.Debug|x86.ActiveCfg = Debug|Any CPU
		{2BC39CB8-FE44-44FB-947B-584D861D97A4}.Debug|x86.Build.0 = Debug|Any CPU
		{2BC39CB8-FE44-44FB-947B-584D861D97A4}.Release|Any CPU.ActiveCfg = Release|Any CPU
		{2BC39CB8-FE44-44FB-947B-584D861D97A4}.Release|Any CPU.Build.0 = Release|Any CPU
		{2BC39CB8-FE44-44FB-947B-584D861D97A4}.Release|x64.ActiveCfg = Release|Any CPU
		{2BC39CB8-FE44-44FB-947B-584D861D97A4}.Release|x64.Build.0 = Release|Any CPU
		{2BC39CB8-FE44-44FB-947B-584D861D97A4}.Release|x86.ActiveCfg = Release|Any CPU
		{2BC39CB8-FE44-44FB-947B-584D861D97A4}.Release|x86.Build.0 = Release|Any CPU
		{1BF458EE-30F1-40CA-A40E-733977306ABE}.Debug|Any CPU.ActiveCfg = Debug|Any CPU
		{1BF458EE-30F1-40CA-A40E-733977306ABE}.Debug|Any CPU.Build.0 = Debug|Any CPU
		{1BF458EE-30F1-40CA-A40E-733977306ABE}.Debug|x64.ActiveCfg = Debug|Any CPU
		{1BF458EE-30F1-40CA-A40E-733977306ABE}.Debug|x64.Build.0 = Debug|Any CPU
		{1BF458EE-30F1-40CA-A40E-733977306ABE}.Debug|x86.ActiveCfg = Debug|Any CPU
		{1BF458EE-30F1-40CA-A40E-733977306ABE}.Debug|x86.Build.0 = Debug|Any CPU
		{1BF458EE-30F1-40CA-A40E-733977306ABE}.Release|Any CPU.ActiveCfg = Release|Any CPU
		{1BF458EE-30F1-40CA-A40E-733977306ABE}.Release|Any CPU.Build.0 = Release|Any CPU
		{1BF458EE-30F1-40CA-A40E-733977306ABE}.Release|x64.ActiveCfg = Release|Any CPU
		{1BF458EE-30F1-40CA-A40E-733977306ABE}.Release|x64.Build.0 = Release|Any CPU
		{1BF458EE-30F1-40CA-A40E-733977306ABE}.Release|x86.ActiveCfg = Release|Any CPU
		{1BF458EE-30F1-40CA-A40E-733977306ABE}.Release|x86.Build.0 = Release|Any CPU
		{B22DC43A-67F0-4641-A098-87B067348932}.Debug|Any CPU.ActiveCfg = Debug|Any CPU
		{B22DC43A-67F0-4641-A098-87B067348932}.Debug|Any CPU.Build.0 = Debug|Any CPU
		{B22DC43A-67F0-4641-A098-87B067348932}.Debug|x64.ActiveCfg = Debug|Any CPU
		{B22DC43A-67F0-4641-A098-87B067348932}.Debug|x64.Build.0 = Debug|Any CPU
		{B22DC43A-67F0-4641-A098-87B067348932}.Debug|x86.ActiveCfg = Debug|Any CPU
		{B22DC43A-67F0-4641-A098-87B067348932}.Debug|x86.Build.0 = Debug|Any CPU
		{B22DC43A-67F0-4641-A098-87B067348932}.Release|Any CPU.ActiveCfg = Release|Any CPU
		{B22DC43A-67F0-4641-A098-87B067348932}.Release|Any CPU.Build.0 = Release|Any CPU
		{B22DC43A-67F0-4641-A098-87B067348932}.Release|x64.ActiveCfg = Release|Any CPU
		{B22DC43A-67F0-4641-A098-87B067348932}.Release|x64.Build.0 = Release|Any CPU
		{B22DC43A-67F0-4641-A098-87B067348932}.Release|x86.ActiveCfg = Release|Any CPU
		{B22DC43A-67F0-4641-A098-87B067348932}.Release|x86.Build.0 = Release|Any CPU
		{994AEF32-6D23-4D6B-9FBA-6F13B5CBA054}.Debug|Any CPU.ActiveCfg = Debug|Any CPU
		{994AEF32-6D23-4D6B-9FBA-6F13B5CBA054}.Debug|Any CPU.Build.0 = Debug|Any CPU
		{994AEF32-6D23-4D6B-9FBA-6F13B5CBA054}.Debug|x64.ActiveCfg = Debug|Any CPU
		{994AEF32-6D23-4D6B-9FBA-6F13B5CBA054}.Debug|x64.Build.0 = Debug|Any CPU
		{994AEF32-6D23-4D6B-9FBA-6F13B5CBA054}.Debug|x86.ActiveCfg = Debug|Any CPU
		{994AEF32-6D23-4D6B-9FBA-6F13B5CBA054}.Debug|x86.Build.0 = Debug|Any CPU
		{994AEF32-6D23-4D6B-9FBA-6F13B5CBA054}.Release|Any CPU.ActiveCfg = Release|Any CPU
		{994AEF32-6D23-4D6B-9FBA-6F13B5CBA054}.Release|Any CPU.Build.0 = Release|Any CPU
		{994AEF32-6D23-4D6B-9FBA-6F13B5CBA054}.Release|x64.ActiveCfg = Release|Any CPU
		{994AEF32-6D23-4D6B-9FBA-6F13B5CBA054}.Release|x64.Build.0 = Release|Any CPU
		{994AEF32-6D23-4D6B-9FBA-6F13B5CBA054}.Release|x86.ActiveCfg = Release|Any CPU
		{994AEF32-6D23-4D6B-9FBA-6F13B5CBA054}.Release|x86.Build.0 = Release|Any CPU
		{90476393-C95F-44EA-8548-B152CB20D4BF}.Debug|Any CPU.ActiveCfg = Debug|Any CPU
		{90476393-C95F-44EA-8548-B152CB20D4BF}.Debug|Any CPU.Build.0 = Debug|Any CPU
		{90476393-C95F-44EA-8548-B152CB20D4BF}.Debug|x64.ActiveCfg = Debug|Any CPU
		{90476393-C95F-44EA-8548-B152CB20D4BF}.Debug|x64.Build.0 = Debug|Any CPU
		{90476393-C95F-44EA-8548-B152CB20D4BF}.Debug|x86.ActiveCfg = Debug|Any CPU
		{90476393-C95F-44EA-8548-B152CB20D4BF}.Debug|x86.Build.0 = Debug|Any CPU
		{90476393-C95F-44EA-8548-B152CB20D4BF}.Release|Any CPU.ActiveCfg = Release|Any CPU
		{90476393-C95F-44EA-8548-B152CB20D4BF}.Release|Any CPU.Build.0 = Release|Any CPU
		{90476393-C95F-44EA-8548-B152CB20D4BF}.Release|x64.ActiveCfg = Release|Any CPU
		{90476393-C95F-44EA-8548-B152CB20D4BF}.Release|x64.Build.0 = Release|Any CPU
		{90476393-C95F-44EA-8548-B152CB20D4BF}.Release|x86.ActiveCfg = Release|Any CPU
		{90476393-C95F-44EA-8548-B152CB20D4BF}.Release|x86.Build.0 = Release|Any CPU
		{646D7E57-0BBE-4D78-B9F8-66492E1810B5}.Debug|Any CPU.ActiveCfg = Debug|Any CPU
		{646D7E57-0BBE-4D78-B9F8-66492E1810B5}.Debug|Any CPU.Build.0 = Debug|Any CPU
		{646D7E57-0BBE-4D78-B9F8-66492E1810B5}.Debug|x64.ActiveCfg = Debug|Any CPU
		{646D7E57-0BBE-4D78-B9F8-66492E1810B5}.Debug|x64.Build.0 = Debug|Any CPU
		{646D7E57-0BBE-4D78-B9F8-66492E1810B5}.Debug|x86.ActiveCfg = Debug|Any CPU
		{646D7E57-0BBE-4D78-B9F8-66492E1810B5}.Debug|x86.Build.0 = Debug|Any CPU
		{646D7E57-0BBE-4D78-B9F8-66492E1810B5}.Release|Any CPU.ActiveCfg = Release|Any CPU
		{646D7E57-0BBE-4D78-B9F8-66492E1810B5}.Release|Any CPU.Build.0 = Release|Any CPU
		{646D7E57-0BBE-4D78-B9F8-66492E1810B5}.Release|x64.ActiveCfg = Release|Any CPU
		{646D7E57-0BBE-4D78-B9F8-66492E1810B5}.Release|x64.Build.0 = Release|Any CPU
		{646D7E57-0BBE-4D78-B9F8-66492E1810B5}.Release|x86.ActiveCfg = Release|Any CPU
		{646D7E57-0BBE-4D78-B9F8-66492E1810B5}.Release|x86.Build.0 = Release|Any CPU
		{0B495AE8-FAE4-4615-A9F5-BF1177A77E30}.Debug|Any CPU.ActiveCfg = Debug|Any CPU
		{0B495AE8-FAE4-4615-A9F5-BF1177A77E30}.Debug|Any CPU.Build.0 = Debug|Any CPU
		{0B495AE8-FAE4-4615-A9F5-BF1177A77E30}.Debug|x64.ActiveCfg = Debug|Any CPU
		{0B495AE8-FAE4-4615-A9F5-BF1177A77E30}.Debug|x64.Build.0 = Debug|Any CPU
		{0B495AE8-FAE4-4615-A9F5-BF1177A77E30}.Debug|x86.ActiveCfg = Debug|Any CPU
		{0B495AE8-FAE4-4615-A9F5-BF1177A77E30}.Debug|x86.Build.0 = Debug|Any CPU
		{0B495AE8-FAE4-4615-A9F5-BF1177A77E30}.Release|Any CPU.ActiveCfg = Release|Any CPU
		{0B495AE8-FAE4-4615-A9F5-BF1177A77E30}.Release|Any CPU.Build.0 = Release|Any CPU
		{0B495AE8-FAE4-4615-A9F5-BF1177A77E30}.Release|x64.ActiveCfg = Release|Any CPU
		{0B495AE8-FAE4-4615-A9F5-BF1177A77E30}.Release|x64.Build.0 = Release|Any CPU
		{0B495AE8-FAE4-4615-A9F5-BF1177A77E30}.Release|x86.ActiveCfg = Release|Any CPU
		{0B495AE8-FAE4-4615-A9F5-BF1177A77E30}.Release|x86.Build.0 = Release|Any CPU
		{D4C6F7A1-8A4D-4F3D-8A6F-9B6F7A1D6E4B}.Debug|Any CPU.ActiveCfg = Debug|Any CPU
		{D4C6F7A1-8A4D-4F3D-8A6F-9B6F7A1D6E4B}.Debug|Any CPU.Build.0 = Debug|Any CPU
		{D4C6F7A1-8A4D-4F3D-8A6F-9B6F7A1D6E4B}.Debug|x64.ActiveCfg = Debug|Any CPU
		{D4C6F7A1-8A4D-4F3D-8A6F-9B6F7A1D6E4B}.Debug|x64.Build.0 = Debug|Any CPU
		{D4C6F7A1-8A4D-4F3D-8A6F-9B6F7A1D6E4B}.Debug|x86.ActiveCfg = Debug|Any CPU
		{D4C6F7A1-8A4D-4F3D-8A6F-9B6F7A1D6E4B}.Debug|x86.Build.0 = Debug|Any CPU
		{D4C6F7A1-8A4D-4F3D-8A6F-9B6F7A1D6E4B}.Release|Any CPU.ActiveCfg = Release|Any CPU
		{D4C6F7A1-8A4D-4F3D-8A6F-9B6F7A1D6E4B}.Release|Any CPU.Build.0 = Release|Any CPU
		{D4C6F7A1-8A4D-4F3D-8A6F-9B6F7A1D6E4B}.Release|x64.ActiveCfg = Release|Any CPU
		{D4C6F7A1-8A4D-4F3D-8A6F-9B6F7A1D6E4B}.Release|x64.Build.0 = Release|Any CPU
		{D4C6F7A1-8A4D-4F3D-8A6F-9B6F7A1D6E4B}.Release|x86.ActiveCfg = Release|Any CPU
		{D4C6F7A1-8A4D-4F3D-8A6F-9B6F7A1D6E4B}.Release|x86.Build.0 = Release|Any CPU
		{C3F96D9F-27DC-42C2-B705-DBA1D46EDAC0}.Debug|Any CPU.ActiveCfg = Debug|Any CPU
		{C3F96D9F-27DC-42C2-B705-DBA1D46EDAC0}.Debug|Any CPU.Build.0 = Debug|Any CPU
		{C3F96D9F-27DC-42C2-B705-DBA1D46EDAC0}.Debug|x64.ActiveCfg = Debug|Any CPU
		{C3F96D9F-27DC-42C2-B705-DBA1D46EDAC0}.Debug|x64.Build.0 = Debug|Any CPU
		{C3F96D9F-27DC-42C2-B705-DBA1D46EDAC0}.Debug|x86.ActiveCfg = Debug|Any CPU
		{C3F96D9F-27DC-42C2-B705-DBA1D46EDAC0}.Debug|x86.Build.0 = Debug|Any CPU
		{C3F96D9F-27DC-42C2-B705-DBA1D46EDAC0}.Release|Any CPU.ActiveCfg = Release|Any CPU
		{C3F96D9F-27DC-42C2-B705-DBA1D46EDAC0}.Release|Any CPU.Build.0 = Release|Any CPU
		{C3F96D9F-27DC-42C2-B705-DBA1D46EDAC0}.Release|x64.ActiveCfg = Release|Any CPU
		{C3F96D9F-27DC-42C2-B705-DBA1D46EDAC0}.Release|x64.Build.0 = Release|Any CPU
		{C3F96D9F-27DC-42C2-B705-DBA1D46EDAC0}.Release|x86.ActiveCfg = Release|Any CPU
		{C3F96D9F-27DC-42C2-B705-DBA1D46EDAC0}.Release|x86.Build.0 = Release|Any CPU
		{9DA65371-C7C9-4615-9E56-0FE00850F858}.Debug|Any CPU.ActiveCfg = Debug|Any CPU
		{9DA65371-C7C9-4615-9E56-0FE00850F858}.Debug|Any CPU.Build.0 = Debug|Any CPU
		{9DA65371-C7C9-4615-9E56-0FE00850F858}.Debug|x64.ActiveCfg = Debug|Any CPU
		{9DA65371-C7C9-4615-9E56-0FE00850F858}.Debug|x64.Build.0 = Debug|Any CPU
		{9DA65371-C7C9-4615-9E56-0FE00850F858}.Debug|x86.ActiveCfg = Debug|Any CPU
		{9DA65371-C7C9-4615-9E56-0FE00850F858}.Debug|x86.Build.0 = Debug|Any CPU
		{9DA65371-C7C9-4615-9E56-0FE00850F858}.Release|Any CPU.ActiveCfg = Release|Any CPU
		{9DA65371-C7C9-4615-9E56-0FE00850F858}.Release|Any CPU.Build.0 = Release|Any CPU
		{9DA65371-C7C9-4615-9E56-0FE00850F858}.Release|x64.ActiveCfg = Release|Any CPU
		{9DA65371-C7C9-4615-9E56-0FE00850F858}.Release|x64.Build.0 = Release|Any CPU
		{9DA65371-C7C9-4615-9E56-0FE00850F858}.Release|x86.ActiveCfg = Release|Any CPU
		{9DA65371-C7C9-4615-9E56-0FE00850F858}.Release|x86.Build.0 = Release|Any CPU
		{663FAD54-1957-47C8-BA36-20DA2FEB3AB6}.Debug|Any CPU.ActiveCfg = Debug|Any CPU
		{663FAD54-1957-47C8-BA36-20DA2FEB3AB6}.Debug|Any CPU.Build.0 = Debug|Any CPU
		{663FAD54-1957-47C8-BA36-20DA2FEB3AB6}.Debug|x64.ActiveCfg = Debug|Any CPU
		{663FAD54-1957-47C8-BA36-20DA2FEB3AB6}.Debug|x64.Build.0 = Debug|Any CPU
		{663FAD54-1957-47C8-BA36-20DA2FEB3AB6}.Debug|x86.ActiveCfg = Debug|Any CPU
		{663FAD54-1957-47C8-BA36-20DA2FEB3AB6}.Debug|x86.Build.0 = Debug|Any CPU
		{663FAD54-1957-47C8-BA36-20DA2FEB3AB6}.Release|Any CPU.ActiveCfg = Release|Any CPU
		{663FAD54-1957-47C8-BA36-20DA2FEB3AB6}.Release|Any CPU.Build.0 = Release|Any CPU
		{663FAD54-1957-47C8-BA36-20DA2FEB3AB6}.Release|x64.ActiveCfg = Release|Any CPU
		{663FAD54-1957-47C8-BA36-20DA2FEB3AB6}.Release|x64.Build.0 = Release|Any CPU
		{663FAD54-1957-47C8-BA36-20DA2FEB3AB6}.Release|x86.ActiveCfg = Release|Any CPU
		{663FAD54-1957-47C8-BA36-20DA2FEB3AB6}.Release|x86.Build.0 = Release|Any CPU
	EndGlobalSection
	GlobalSection(SolutionProperties) = preSolution
		HideSolutionNode = FALSE
	EndGlobalSection
	GlobalSection(NestedProjects) = preSolution
		{879A0085-4C32-40F9-B65E-B40E3BA2E2A1} = {827E0CD3-B72D-47B6-A68D-7590B98EB39B}
		{284F3170-64A5-4458-B9AD-10C009ABC1E9} = {827E0CD3-B72D-47B6-A68D-7590B98EB39B}
		{A4CC449E-BD5B-43E7-BE42-BE67C9E32B12} = {827E0CD3-B72D-47B6-A68D-7590B98EB39B}
		{51442CEA-0D81-4EE4-988F-F3D92748052A} = {827E0CD3-B72D-47B6-A68D-7590B98EB39B}
		{38507931-6A12-419D-9B1C-CB6C38314F66} = {827E0CD3-B72D-47B6-A68D-7590B98EB39B}
		{DAAD3A6F-E502-4492-9130-B08EF3EB657A} = {827E0CD3-B72D-47B6-A68D-7590B98EB39B}
		{4F851775-3C91-47B0-8941-8BE33454D571} = {827E0CD3-B72D-47B6-A68D-7590B98EB39B}
		{2BC39CB8-FE44-44FB-947B-584D861D97A4} = {827E0CD3-B72D-47B6-A68D-7590B98EB39B}
		{1BF458EE-30F1-40CA-A40E-733977306ABE} = {827E0CD3-B72D-47B6-A68D-7590B98EB39B}
		{B22DC43A-67F0-4641-A098-87B067348932} = {827E0CD3-B72D-47B6-A68D-7590B98EB39B}
		{994AEF32-6D23-4D6B-9FBA-6F13B5CBA054} = {827E0CD3-B72D-47B6-A68D-7590B98EB39B}
		{90476393-C95F-44EA-8548-B152CB20D4BF} = {827E0CD3-B72D-47B6-A68D-7590B98EB39B}
		{0B495AE8-FAE4-4615-A9F5-BF1177A77E30} = {827E0CD3-B72D-47B6-A68D-7590B98EB39B}
		{9DA65371-C7C9-4615-9E56-0FE00850F858} = {827E0CD3-B72D-47B6-A68D-7590B98EB39B}
		{663FAD54-1957-47C8-BA36-20DA2FEB3AB6} = {0AB3BF05-4346-4AA6-1389-037BE0695223}
	EndGlobalSection
EndGlobal
